
Microsoft Visual Studio Solution File, Format Version 12.00
# Visual Studio Version 16
VisualStudioVersion = 16.0.31624.102
MinimumVisualStudioVersion = 10.0.40219.1
Project("{FAE04EC0-301F-11D3-BF4B-00C04F79EFBC}") = "ConsoleCuber", "ConsoleCuber\ConsoleCuber.csproj", "{B8D2F40C-E3BE-4AF5-97AF-8468CD2155CD}"
EndProject
Global
	GlobalSection(SolutionConfigurationPlatforms) = preSolution
		Debug|Any CPU = Debug|Any CPU
		Release|Any CPU = Release|Any CPU
	EndGlobalSection
	GlobalSection(ProjectConfigurationPlatforms) = postSolution
		{B8D2F40C-E3BE-4AF5-97AF-8468CD2155CD}.Debug|Any CPU.ActiveCfg = Debug|Any CPU
		{B8D2F40C-E3BE-4AF5-97AF-8468CD2155CD}.Debug|Any CPU.Build.0 = Debug|Any CPU
		{B8D2F40C-E3BE-4AF5-97AF-8468CD2155CD}.Release|Any CPU.ActiveCfg = Release|Any CPU
		{B8D2F40C-E3BE-4AF5-97AF-8468CD2155CD}.Release|Any CPU.Build.0 = Release|Any CPU
	EndGlobalSection
	GlobalSection(SolutionProperties) = preSolution
		HideSolutionNode = FALSE
	EndGlobalSection
	GlobalSection(ExtensibilityGlobals) = postSolution
		SolutionGuid = {165BBB44-AB97-47A5-B88B-A46A3FAFCBB9}
	EndGlobalSection
EndGlobal
